{
  "name": "jwt-banking-api",
  "version": "1.0.0",
  "lockfileVersion": 3,
  "requires": true,
  "packages": {
    "": {
      "name": "jwt-banking-api",
      "version": "1.0.0",
      "dependencies": {
        "express": "^4.19.2",
        "jsonwebtoken": "^9.0.2"
      }
    },
    "node_modules/express": {
      "version": "4.19.2",
      "resolved": "https://registry.npmjs.org/express/-/express-4.19.2.tgz",
      "integrity": "sha512-HR6i50fZtV8b6oV5wCvb1VLL3jnb9T3RaQ/3ULwa2Nf0x85fI1o5rjH+TkkSArhzvwFTsFYtyeZCvzIDcQHZ5g=="
    },
    "node_modules/jsonwebtoken": {
      "version": "9.0.2",
      "resolved": "https://registry.npmjs.org/jsonwebtoken/-/jsonwebtoken-9.0.2.tgz",
      "integrity": "sha512-fgP4LzlmC2y0DNoU35rDEZ4UJejM5l1FY6F3El/fJngmVLR4aM6y4uip3YBGnZchqF9ZXmKxRrHLhHgwhpMhVQ=="
    }
  }
}
